
Microsoft Visual Studio Solution File, Format Version 12.00
# Visual Studio Version 16
VisualStudioVersion = 16.0.30011.22
MinimumVisualStudioVersion = 10.0.40219.1
Project("{FAE04EC0-301F-11D3-BF4B-00C04F79EFBC}") = "DotMotServer", "DotMotServer\DotMotServer.csproj", "{EC987DEB-414E-4962-975B-8918E519DA63}"
EndProject
Global
	GlobalSection(SolutionConfigurationPlatforms) = preSolution
		Debug|Any CPU = Debug|Any CPU
		Release|Any CPU = Release|Any CPU
	EndGlobalSection
	GlobalSection(ProjectConfigurationPlatforms) = postSolution
		{EC987DEB-414E-4962-975B-8918E519DA63}.Debug|Any CPU.ActiveCfg = Debug|Any CPU
		{EC987DEB-414E-4962-975B-8918E519DA63}.Debug|Any CPU.Build.0 = Debug|Any CPU
		{EC987DEB-414E-4962-975B-8918E519DA63}.Release|Any CPU.ActiveCfg = Release|Any CPU
		{EC987DEB-414E-4962-975B-8918E519DA63}.Release|Any CPU.Build.0 = Release|Any CPU
	EndGlobalSection
	GlobalSection(SolutionProperties) = preSolution
		HideSolutionNode = FALSE
	EndGlobalSection
	GlobalSection(ExtensibilityGlobals) = postSolution
		SolutionGuid = {BC48CFFA-20C2-4050-9660-2F3687BBEA4D}
	EndGlobalSection
EndGlobal
